// !$*UTF8*$!
{
	archiveVersion = 1;
	classes = {
	};
	objectVersion = 46;
	objects = {

/* Begin PBXBuildFile section */
		5C61477BA11D4F399B34246D /* libPods-iSCAUSwift.a in Frameworks */ = {isa = PBXBuildFile; fileRef = 409C958170D3418E9C17FC34 /* libPods-iSCAUSwift.a */; };
		845D707A19E690A40058B8DA /* iSCAUSwiftActivity.xcdatamodeld in Sources */ = {isa = PBXBuildFile; fileRef = 845D707819E690A40058B8DA /* iSCAUSwiftActivity.xcdatamodeld */; };
		84CAC9AC19E5779800680379 /* ActivityWebViewController.swift in Sources */ = {isa = PBXBuildFile; fileRef = 84CAC9AB19E5779800680379 /* ActivityWebViewController.swift */; };
		84CAC9AF19E577EE00680379 /* HMSegmentedControl.m in Sources */ = {isa = PBXBuildFile; fileRef = 84CAC9AE19E577EE00680379 /* HMSegmentedControl.m */; };
		E114957A19D943D90087445D /* place.png in Resources */ = {isa = PBXBuildFile; fileRef = E114957419D943D90087445D /* place.png */; };
		E114957B19D943D90087445D /* push.png in Resources */ = {isa = PBXBuildFile; fileRef = E114957519D943D90087445D /* push.png */; };
		E114957C19D943D90087445D /* time.png in Resources */ = {isa = PBXBuildFile; fileRef = E114957619D943D90087445D /* time.png */; };
		E114957D19D943D90087445D /* top.png in Resources */ = {isa = PBXBuildFile; fileRef = E114957719D943D90087445D /* top.png */; };
		E114957E19D943D90087445D /* userName.png in Resources */ = {isa = PBXBuildFile; fileRef = E114957819D943D90087445D /* userName.png */; };
		E122B6071949725300E90D87 /* Lession.swift in Sources */ = {isa = PBXBuildFile; fileRef = E122B6061949725300E90D87 /* Lession.swift */; };
		E12D501719D9CE6D005F37B7 /* leftside_shadow_bg@2x.png in Resources */ = {isa = PBXBuildFile; fileRef = E12D500419D9CE6C005F37B7 /* leftside_shadow_bg@2x.png */; };
		E12D501819D9CE6D005F37B7 /* UIColor+Addition.m in Sources */ = {isa = PBXBuildFile; fileRef = E12D500719D9CE6C005F37B7 /* UIColor+Addition.m */; };
		E12D501919D9CE6D005F37B7 /* UIImage+Blur.m in Sources */ = {isa = PBXBuildFile; fileRef = E12D500A19D9CE6D005F37B7 /* UIImage+Blur.m */; };
		E12D501A19D9CE6D005F37B7 /* UIImage+ImageWithColor.m in Sources */ = {isa = PBXBuildFile; fileRef = E12D500C19D9CE6D005F37B7 /* UIImage+ImageWithColor.m */; };
		E12D501B19D9CE6D005F37B7 /* UIImage+RTTint.m in Sources */ = {isa = PBXBuildFile; fileRef = E12D500E19D9CE6D005F37B7 /* UIImage+RTTint.m */; };
		E12D501C19D9CE6D005F37B7 /* UIImage+ScreenShot.m in Sources */ = {isa = PBXBuildFile; fileRef = E12D501019D9CE6D005F37B7 /* UIImage+ScreenShot.m */; };
		E12D501D19D9CE6D005F37B7 /* UIView+Additon.m in Sources */ = {isa = PBXBuildFile; fileRef = E12D501319D9CE6D005F37B7 /* UIView+Additon.m */; };
		E14FB63E19D0629200526D45 /* 1.1.png in Resources */ = {isa = PBXBuildFile; fileRef = E14FB62419D0629200526D45 /* 1.1.png */; };
		E14FB63F19D0629200526D45 /* 1.png in Resources */ = {isa = PBXBuildFile; fileRef = E14FB62519D0629200526D45 /* 1.png */; };
		E14FB64019D0629200526D45 /* 2.1.png in Resources */ = {isa = PBXBuildFile; fileRef = E14FB62619D0629200526D45 /* 2.1.png */; };
		E14FB64119D0629200526D45 /* 2.png in Resources */ = {isa = PBXBuildFile; fileRef = E14FB62719D0629200526D45 /* 2.png */; };
		E14FB64219D0629200526D45 /* 3.1.png in Resources */ = {isa = PBXBuildFile; fileRef = E14FB62819D0629200526D45 /* 3.1.png */; };
		E14FB64319D0629200526D45 /* 3.png in Resources */ = {isa = PBXBuildFile; fileRef = E14FB62919D0629200526D45 /* 3.png */; };
		E14FB64419D0629200526D45 /* 4.1.png in Resources */ = {isa = PBXBuildFile; fileRef = E14FB62A19D0629200526D45 /* 4.1.png */; };
		E14FB64519D0629200526D45 /* 4.png in Resources */ = {isa = PBXBuildFile; fileRef = E14FB62B19D0629200526D45 /* 4.png */; };
		E14FB64619D0629200526D45 /* 5.1.png in Resources */ = {isa = PBXBuildFile; fileRef = E14FB62C19D0629200526D45 /* 5.1.png */; };
		E14FB64719D0629200526D45 /* 5.png in Resources */ = {isa = PBXBuildFile; fileRef = E14FB62D19D0629200526D45 /* 5.png */; };
		E14FB64819D0629200526D45 /* 6.1.png in Resources */ = {isa = PBXBuildFile; fileRef = E14FB62E19D0629200526D45 /* 6.1.png */; };
		E14FB64919D0629200526D45 /* 6.png in Resources */ = {isa = PBXBuildFile; fileRef = E14FB62F19D0629200526D45 /* 6.png */; };
		E14FB64A19D0629200526D45 /* 7.1.png in Resources */ = {isa = PBXBuildFile; fileRef = E14FB63019D0629200526D45 /* 7.1.png */; };
		E14FB64B19D0629200526D45 /* 7.png in Resources */ = {isa = PBXBuildFile; fileRef = E14FB63119D0629200526D45 /* 7.png */; };
		E14FB64C19D0629200526D45 /* 8.1.png in Resources */ = {isa = PBXBuildFile; fileRef = E14FB63219D0629200526D45 /* 8.1.png */; };
		E14FB64D19D0629200526D45 /* 8.png in Resources */ = {isa = PBXBuildFile; fileRef = E14FB63319D0629200526D45 /* 8.png */; };
		E14FB64E19D0629200526D45 /* 9.1.png in Resources */ = {isa = PBXBuildFile; fileRef = E14FB63419D0629200526D45 /* 9.1.png */; };
		E14FB64F19D0629200526D45 /* 9.png in Resources */ = {isa = PBXBuildFile; fileRef = E14FB63519D0629200526D45 /* 9.png */; };
		E14FB65019D0629200526D45 /* 10..1png.png in Resources */ = {isa = PBXBuildFile; fileRef = E14FB63619D0629200526D45 /* 10..1png.png */; };
		E14FB65119D0629200526D45 /* 10.png in Resources */ = {isa = PBXBuildFile; fileRef = E14FB63719D0629200526D45 /* 10.png */; };
		E14FB65219D0629200526D45 /* 12.1.png in Resources */ = {isa = PBXBuildFile; fileRef = E14FB63819D0629200526D45 /* 12.1.png */; };
		E14FB65319D0629200526D45 /* 12.png in Resources */ = {isa = PBXBuildFile; fileRef = E14FB63919D0629200526D45 /* 12.png */; };
		E14FB65419D0629200526D45 /* 13.1.png in Resources */ = {isa = PBXBuildFile; fileRef = E14FB63A19D0629200526D45 /* 13.1.png */; };
		E14FB65519D0629200526D45 /* 13.png in Resources */ = {isa = PBXBuildFile; fileRef = E14FB63B19D0629200526D45 /* 13.png */; };
		E14FB65619D0629200526D45 /* 14.1.png in Resources */ = {isa = PBXBuildFile; fileRef = E14FB63C19D0629200526D45 /* 14.1.png */; };
		E14FB65719D0629200526D45 /* 14.png in Resources */ = {isa = PBXBuildFile; fileRef = E14FB63D19D0629200526D45 /* 14.png */; };
		E14FB66519D0635900526D45 /* calendar.png in Resources */ = {isa = PBXBuildFile; fileRef = E14FB65819D0635800526D45 /* calendar.png */; };
		E14FB66619D0635900526D45 /* classtable_on.png in Resources */ = {isa = PBXBuildFile; fileRef = E14FB65919D0635800526D45 /* classtable_on.png */; };
		E14FB66819D0635900526D45 /* features_on.png in Resources */ = {isa = PBXBuildFile; fileRef = E14FB65B19D0635800526D45 /* features_on.png */; };
		E14FB66919D0635900526D45 /* features.png in Resources */ = {isa = PBXBuildFile; fileRef = E14FB65C19D0635800526D45 /* features.png */; };
		E14FB66A19D0635900526D45 /* huodongquan_on.png in Resources */ = {isa = PBXBuildFile; fileRef = E14FB65D19D0635800526D45 /* huodongquan_on.png */; };
		E14FB66B19D0635900526D45 /* huodongquan.png in Resources */ = {isa = PBXBuildFile; fileRef = E14FB65E19D0635800526D45 /* huodongquan.png */; };
		E14FB66C19D0635900526D45 /* map.jpg in Resources */ = {isa = PBXBuildFile; fileRef = E14FB65F19D0635800526D45 /* map.jpg */; };
		E14FB66D19D0635900526D45 /* settting.png in Resources */ = {isa = PBXBuildFile; fileRef = E14FB66019D0635800526D45 /* settting.png */; };
		E14FB66E19D0635900526D45 /* shopbox.png in Resources */ = {isa = PBXBuildFile; fileRef = E14FB66119D0635800526D45 /* shopbox.png */; };
		E14FB66F19D0635900526D45 /* waimai_on.png in Resources */ = {isa = PBXBuildFile; fileRef = E14FB66219D0635900526D45 /* waimai_on.png */; };
		E14FB67019D0635900526D45 /* waimai.png in Resources */ = {isa = PBXBuildFile; fileRef = E14FB66319D0635900526D45 /* waimai.png */; };
		E14FB67119D0635900526D45 /* wave.png in Resources */ = {isa = PBXBuildFile; fileRef = E14FB66419D0635900526D45 /* wave.png */; };
		E15BB48A193EC31400F8D492 /* AppDelegate.swift in Sources */ = {isa = PBXBuildFile; fileRef = E15BB489193EC31400F8D492 /* AppDelegate.swift */; };
		E15BB48F193EC31500F8D492 /* Main.storyboard in Resources */ = {isa = PBXBuildFile; fileRef = E15BB48D193EC31500F8D492 /* Main.storyboard */; };
		E15BB491193EC31500F8D492 /* Images.xcassets in Resources */ = {isa = PBXBuildFile; fileRef = E15BB490193EC31500F8D492 /* Images.xcassets */; };
		E15BB49D193EC31600F8D492 /* iSCAUSwiftTests.swift in Sources */ = {isa = PBXBuildFile; fileRef = E15BB49C193EC31500F8D492 /* iSCAUSwiftTests.swift */; };
		E15BB4C0193F06B500F8D492 /* User.swift in Sources */ = {isa = PBXBuildFile; fileRef = E15BB4BF193F06B500F8D492 /* User.swift */; };
		E15BB4C4193F24AB00F8D492 /* Notice.swift in Sources */ = {isa = PBXBuildFile; fileRef = E15BB4C3193F24AB00F8D492 /* Notice.swift */; };
		E15BB4C8193F29ED00F8D492 /* CetMark.swift in Sources */ = {isa = PBXBuildFile; fileRef = E15BB4C7193F29ED00F8D492 /* CetMark.swift */; };
		E15BB4CA193F2A9C00F8D492 /* ReviewLessonInfo.swift in Sources */ = {isa = PBXBuildFile; fileRef = E15BB4C9193F2A9C00F8D492 /* ReviewLessonInfo.swift */; };
		E15BB4CC193F2AB100F8D492 /* ReviewLessonComment.swift in Sources */ = {isa = PBXBuildFile; fileRef = E15BB4CB193F2AB100F8D492 /* ReviewLessonComment.swift */; };
		E15BB4D2193F513E00F8D492 /* AppConstant.swift in Sources */ = {isa = PBXBuildFile; fileRef = E15BB4D1193F513E00F8D492 /* AppConstant.swift */; };
		E15BB4D4193F538F00F8D492 /* Utils.swift in Sources */ = {isa = PBXBuildFile; fileRef = E15BB4D3193F538F00F8D492 /* Utils.swift */; };
		E184DCD919498ADC00B0A552 /* EduDayTimeTable.swift in Sources */ = {isa = PBXBuildFile; fileRef = E184DCD819498ADC00B0A552 /* EduDayTimeTable.swift */; };
		E184DCDB19498FF700B0A552 /* EduDayLessionCell.swift in Sources */ = {isa = PBXBuildFile; fileRef = E184DCDA19498FF700B0A552 /* EduDayLessionCell.swift */; };
		E1B0B9E11948BC520035B287 /* iSCAUSwift.xcdatamodeld in Sources */ = {isa = PBXBuildFile; fileRef = E1B0B9DF1948BC520035B287 /* iSCAUSwift.xcdatamodeld */; };
		E1B8347219DA619F00737E99 /* ActivityInfoCell.swift in Sources */ = {isa = PBXBuildFile; fileRef = E1B8345919DA619F00737E99 /* ActivityInfoCell.swift */; };
		E1B8347319DA619F00737E99 /* ActivityModel.swift in Sources */ = {isa = PBXBuildFile; fileRef = E1B8345A19DA619F00737E99 /* ActivityModel.swift */; };
		E1B8347419DA619F00737E99 /* ActivityTableViewController.swift in Sources */ = {isa = PBXBuildFile; fileRef = E1B8345B19DA619F00737E99 /* ActivityTableViewController.swift */; };
		E1B8347519DA619F00737E99 /* LoginViewController.swift in Sources */ = {isa = PBXBuildFile; fileRef = E1B8345D19DA619F00737E99 /* LoginViewController.swift */; };
		E1B8347619DA619F00737E99 /* SettingsTableViewController.swift in Sources */ = {isa = PBXBuildFile; fileRef = E1B8345E19DA619F00737E99 /* SettingsTableViewController.swift */; };
		E1B8347719DA619F00737E99 /* EduHttpManager.swift in Sources */ = {isa = PBXBuildFile; fileRef = E1B8346019DA619F00737E99 /* EduHttpManager.swift */; };
		E1B8347819DA619F00737E99 /* EduSysClassTableEditedViewController.m in Sources */ = {isa = PBXBuildFile; fileRef = E1B8346219DA619F00737E99 /* EduSysClassTableEditedViewController.m */; };
		E1B8347919DA619F00737E99 /* EduSysClassTableEditedViewController.xib in Resources */ = {isa = PBXBuildFile; fileRef = E1B8346319DA619F00737E99 /* EduSysClassTableEditedViewController.xib */; };
		E1B8347A19DA619F00737E99 /* EduSysClassTableViewController.m in Sources */ = {isa = PBXBuildFile; fileRef = E1B8346519DA619F00737E99 /* EduSysClassTableViewController.m */; };
		E1B8347B19DA619F00737E99 /* EduSysClassTableViewController.xib in Resources */ = {isa = PBXBuildFile; fileRef = E1B8346619DA619F00737E99 /* EduSysClassTableViewController.xib */; };
		E1B8347C19DA619F00737E99 /* EduSysDayClassCell.m in Sources */ = {isa = PBXBuildFile; fileRef = E1B8346819DA619F00737E99 /* EduSysDayClassCell.m */; };
		E1B8347D19DA619F00737E99 /* EduSysDayClassCell.xib in Resources */ = {isa = PBXBuildFile; fileRef = E1B8346919DA619F00737E99 /* EduSysDayClassCell.xib */; };
		E1B8347E19DA619F00737E99 /* EduSysDayClassTableView.m in Sources */ = {isa = PBXBuildFile; fileRef = E1B8346B19DA619F00737E99 /* EduSysDayClassTableView.m */; };
		E1B8347F19DA619F00737E99 /* EduSysDayClassView.m in Sources */ = {isa = PBXBuildFile; fileRef = E1B8346D19DA619F00737E99 /* EduSysDayClassView.m */; };
		E1B8348019DA619F00737E99 /* EduSysWeekClassTableView.m in Sources */ = {isa = PBXBuildFile; fileRef = E1B8346F19DA619F00737E99 /* EduSysWeekClassTableView.m */; };
		E1B8348119DA619F00737E99 /* EduSysWeekClassTableView.xib in Resources */ = {isa = PBXBuildFile; fileRef = E1B8347019DA619F00737E99 /* EduSysWeekClassTableView.xib */; };
		E1FDF3E019D068E900CC311E /* CoreDataManager.swift in Sources */ = {isa = PBXBuildFile; fileRef = E1FDF3DF19D068E900CC311E /* CoreDataManager.swift */; };
		E1FDF41419D0734700CC311E /* Alamofire.framework in Frameworks */ = {isa = PBXBuildFile; fileRef = E14FB61D19D060E200526D45 /* Alamofire.framework */; };
		E1FDF41519D0734700CC311E /* Alamofire.framework in Embed Frameworks */ = {isa = PBXBuildFile; fileRef = E14FB61D19D060E200526D45 /* Alamofire.framework */; settings = {ATTRIBUTES = (CodeSignOnCopy, RemoveHeadersOnCopy, ); }; };
		E1FDF41A19D07D1500CC311E /* classtable.png in Resources */ = {isa = PBXBuildFile; fileRef = E1FDF41919D07D1500CC311E /* classtable.png */; };
/* End PBXBuildFile section */

/* Begin PBXContainerItemProxy section */
		E14FB61C19D060E200526D45 /* PBXContainerItemProxy */ = {
			isa = PBXContainerItemProxy;
			containerPortal = E14FB61719D060E200526D45 /* Alamofire.xcodeproj */;
			proxyType = 2;
			remoteGlobalIDString = F8111E3319A95C8B0040E7D1;
			remoteInfo = Alamofire;
		};
		E14FB61E19D060E200526D45 /* PBXContainerItemProxy */ = {
			isa = PBXContainerItemProxy;
			containerPortal = E14FB61719D060E200526D45 /* Alamofire.xcodeproj */;
			proxyType = 2;
			remoteGlobalIDString = F8111E3E19A95C8B0040E7D1;
			remoteInfo = AlamofireTests;
		};
		E15BB497193EC31500F8D492 /* PBXContainerItemProxy */ = {
			isa = PBXContainerItemProxy;
			containerPortal = E15BB47C193EC31400F8D492 /* Project object */;
			proxyType = 1;
			remoteGlobalIDString = E15BB483193EC31400F8D492;
			remoteInfo = iSCAUSwift;
		};
		E1FDF41619D0734700CC311E /* PBXContainerItemProxy */ = {
			isa = PBXContainerItemProxy;
			containerPortal = E14FB61719D060E200526D45 /* Alamofire.xcodeproj */;
			proxyType = 1;
			remoteGlobalIDString = F8111E3219A95C8B0040E7D1;
			remoteInfo = Alamofire;
		};
/* End PBXContainerItemProxy section */

/* Begin PBXCopyFilesBuildPhase section */
		E1FDF41819D0734700CC311E /* Embed Frameworks */ = {
			isa = PBXCopyFilesBuildPhase;
			buildActionMask = 2147483647;
			dstPath = "";
			dstSubfolderSpec = 10;
			files = (
				E1FDF41519D0734700CC311E /* Alamofire.framework in Embed Frameworks */,
			);
			name = "Embed Frameworks";
			runOnlyForDeploymentPostprocessing = 0;
		};
/* End PBXCopyFilesBuildPhase section */

/* Begin PBXFileReference section */
		1E13F1ECD8F94B47B4C7013B /* Pods-iSCAUSwift.debug.xcconfig */ = {isa = PBXFileReference; includeInIndex = 1; lastKnownFileType = text.xcconfig; name = "Pods-iSCAUSwift.debug.xcconfig"; path = "Pods/Target Support Files/Pods-iSCAUSwift/Pods-iSCAUSwift.debug.xcconfig"; sourceTree = "<group>"; };
		409C958170D3418E9C17FC34 /* libPods-iSCAUSwift.a */ = {isa = PBXFileReference; explicitFileType = archive.ar; includeInIndex = 0; path = "libPods-iSCAUSwift.a"; sourceTree = BUILT_PRODUCTS_DIR; };
		845D707919E690A40058B8DA /* iSCAUSwiftActivity.xcdatamodel */ = {isa = PBXFileReference; lastKnownFileType = wrapper.xcdatamodel; path = iSCAUSwiftActivity.xcdatamodel; sourceTree = "<group>"; };
		84CAC9AB19E5779800680379 /* ActivityWebViewController.swift */ = {isa = PBXFileReference; fileEncoding = 4; lastKnownFileType = sourcecode.swift; path = ActivityWebViewController.swift; sourceTree = "<group>"; };
		84CAC9AD19E577EE00680379 /* HMSegmentedControl.h */ = {isa = PBXFileReference; fileEncoding = 4; lastKnownFileType = sourcecode.c.h; path = HMSegmentedControl.h; sourceTree = "<group>"; };
		84CAC9AE19E577EE00680379 /* HMSegmentedControl.m */ = {isa = PBXFileReference; fileEncoding = 4; lastKnownFileType = sourcecode.c.objc; path = HMSegmentedControl.m; sourceTree = "<group>"; };
		B3441B39F695DE30B958E3E1 /* Pods-iSCAUSwift.release.xcconfig */ = {isa = PBXFileReference; includeInIndex = 1; lastKnownFileType = text.xcconfig; name = "Pods-iSCAUSwift.release.xcconfig"; path = "Pods/Target Support Files/Pods-iSCAUSwift/Pods-iSCAUSwift.release.xcconfig"; sourceTree = "<group>"; };
		E114957419D943D90087445D /* place.png */ = {isa = PBXFileReference; lastKnownFileType = image.png; path = place.png; sourceTree = "<group>"; };
		E114957519D943D90087445D /* push.png */ = {isa = PBXFileReference; lastKnownFileType = image.png; path = push.png; sourceTree = "<group>"; };
		E114957619D943D90087445D /* time.png */ = {isa = PBXFileReference; lastKnownFileType = image.png; path = time.png; sourceTree = "<group>"; };
		E114957719D943D90087445D /* top.png */ = {isa = PBXFileReference; lastKnownFileType = image.png; path = top.png; sourceTree = "<group>"; };
		E114957819D943D90087445D /* userName.png */ = {isa = PBXFileReference; lastKnownFileType = image.png; path = userName.png; sourceTree = "<group>"; };
		E122B6061949725300E90D87 /* Lession.swift */ = {isa = PBXFileReference; fileEncoding = 4; lastKnownFileType = sourcecode.swift; name = Lession.swift; path = Model/Lession.swift; sourceTree = "<group>"; };
		E12D500019D9CE6C005F37B7 /* AZTools.h */ = {isa = PBXFileReference; fileEncoding = 4; lastKnownFileType = sourcecode.c.h; path = AZTools.h; sourceTree = "<group>"; };
		E12D500419D9CE6C005F37B7 /* leftside_shadow_bg@2x.png */ = {isa = PBXFileReference; lastKnownFileType = image.png; path = "leftside_shadow_bg@2x.png"; sourceTree = "<group>"; };
		E12D500619D9CE6C005F37B7 /* UIColor+Addition.h */ = {isa = PBXFileReference; fileEncoding = 4; lastKnownFileType = sourcecode.c.h; path = "UIColor+Addition.h"; sourceTree = "<group>"; };
		E12D500719D9CE6C005F37B7 /* UIColor+Addition.m */ = {isa = PBXFileReference; fileEncoding = 4; lastKnownFileType = sourcecode.c.objc; path = "UIColor+Addition.m"; sourceTree = "<group>"; };
		E12D500919D9CE6C005F37B7 /* UIImage+Blur.h */ = {isa = PBXFileReference; fileEncoding = 4; lastKnownFileType = sourcecode.c.h; path = "UIImage+Blur.h"; sourceTree = "<group>"; };
		E12D500A19D9CE6D005F37B7 /* UIImage+Blur.m */ = {isa = PBXFileReference; fileEncoding = 4; lastKnownFileType = sourcecode.c.objc; path = "UIImage+Blur.m"; sourceTree = "<group>"; };
		E12D500B19D9CE6D005F37B7 /* UIImage+ImageWithColor.h */ = {isa = PBXFileReference; fileEncoding = 4; lastKnownFileType = sourcecode.c.h; path = "UIImage+ImageWithColor.h"; sourceTree = "<group>"; };
		E12D500C19D9CE6D005F37B7 /* UIImage+ImageWithColor.m */ = {isa = PBXFileReference; fileEncoding = 4; lastKnownFileType = sourcecode.c.objc; path = "UIImage+ImageWithColor.m"; sourceTree = "<group>"; };
		E12D500D19D9CE6D005F37B7 /* UIImage+RTTint.h */ = {isa = PBXFileReference; fileEncoding = 4; lastKnownFileType = sourcecode.c.h; path = "UIImage+RTTint.h"; sourceTree = "<group>"; };
		E12D500E19D9CE6D005F37B7 /* UIImage+RTTint.m */ = {isa = PBXFileReference; fileEncoding = 4; lastKnownFileType = sourcecode.c.objc; path = "UIImage+RTTint.m"; sourceTree = "<group>"; };
		E12D500F19D9CE6D005F37B7 /* UIImage+ScreenShot.h */ = {isa = PBXFileReference; fileEncoding = 4; lastKnownFileType = sourcecode.c.h; path = "UIImage+ScreenShot.h"; sourceTree = "<group>"; };
		E12D501019D9CE6D005F37B7 /* UIImage+ScreenShot.m */ = {isa = PBXFileReference; fileEncoding = 4; lastKnownFileType = sourcecode.c.objc; path = "UIImage+ScreenShot.m"; sourceTree = "<group>"; };
		E12D501219D9CE6D005F37B7 /* UIView+Additon.h */ = {isa = PBXFileReference; fileEncoding = 4; lastKnownFileType = sourcecode.c.h; path = "UIView+Additon.h"; sourceTree = "<group>"; };
		E12D501319D9CE6D005F37B7 /* UIView+Additon.m */ = {isa = PBXFileReference; fileEncoding = 4; lastKnownFileType = sourcecode.c.objc; path = "UIView+Additon.m"; sourceTree = "<group>"; };
		E14FB61719D060E200526D45 /* Alamofire.xcodeproj */ = {isa = PBXFileReference; lastKnownFileType = "wrapper.pb-project"; name = Alamofire.xcodeproj; path = Alamofire/Alamofire.xcodeproj; sourceTree = "<group>"; };
		E14FB62419D0629200526D45 /* 1.1.png */ = {isa = PBXFileReference; lastKnownFileType = image.png; path = 1.1.png; sourceTree = "<group>"; };
		E14FB62519D0629200526D45 /* 1.png */ = {isa = PBXFileReference; lastKnownFileType = image.png; path = 1.png; sourceTree = "<group>"; };
		E14FB62619D0629200526D45 /* 2.1.png */ = {isa = PBXFileReference; lastKnownFileType = image.png; path = 2.1.png; sourceTree = "<group>"; };
		E14FB62719D0629200526D45 /* 2.png */ = {isa = PBXFileReference; lastKnownFileType = image.png; path = 2.png; sourceTree = "<group>"; };
		E14FB62819D0629200526D45 /* 3.1.png */ = {isa = PBXFileReference; lastKnownFileType = image.png; path = 3.1.png; sourceTree = "<group>"; };
		E14FB62919D0629200526D45 /* 3.png */ = {isa = PBXFileReference; lastKnownFileType = image.png; path = 3.png; sourceTree = "<group>"; };
		E14FB62A19D0629200526D45 /* 4.1.png */ = {isa = PBXFileReference; lastKnownFileType = image.png; path = 4.1.png; sourceTree = "<group>"; };
		E14FB62B19D0629200526D45 /* 4.png */ = {isa = PBXFileReference; lastKnownFileType = image.png; path = 4.png; sourceTree = "<group>"; };
		E14FB62C19D0629200526D45 /* 5.1.png */ = {isa = PBXFileReference; lastKnownFileType = image.png; path = 5.1.png; sourceTree = "<group>"; };
		E14FB62D19D0629200526D45 /* 5.png */ = {isa = PBXFileReference; lastKnownFileType = image.png; path = 5.png; sourceTree = "<group>"; };
		E14FB62E19D0629200526D45 /* 6.1.png */ = {isa = PBXFileReference; lastKnownFileType = image.png; path = 6.1.png; sourceTree = "<group>"; };
		E14FB62F19D0629200526D45 /* 6.png */ = {isa = PBXFileReference; lastKnownFileType = image.png; path = 6.png; sourceTree = "<group>"; };
		E14FB63019D0629200526D45 /* 7.1.png */ = {isa = PBXFileReference; lastKnownFileType = image.png; path = 7.1.png; sourceTree = "<group>"; };
		E14FB63119D0629200526D45 /* 7.png */ = {isa = PBXFileReference; lastKnownFileType = image.png; path = 7.png; sourceTree = "<group>"; };
		E14FB63219D0629200526D45 /* 8.1.png */ = {isa = PBXFileReference; lastKnownFileType = image.png; path = 8.1.png; sourceTree = "<group>"; };
		E14FB63319D0629200526D45 /* 8.png */ = {isa = PBXFileReference; lastKnownFileType = image.png; path = 8.png; sourceTree = "<group>"; };
		E14FB63419D0629200526D45 /* 9.1.png */ = {isa = PBXFileReference; lastKnownFileType = image.png; path = 9.1.png; sourceTree = "<group>"; };
		E14FB63519D0629200526D45 /* 9.png */ = {isa = PBXFileReference; lastKnownFileType = image.png; path = 9.png; sourceTree = "<group>"; };
		E14FB63619D0629200526D45 /* 10..1png.png */ = {isa = PBXFileReference; lastKnownFileType = image.png; path = 10..1png.png; sourceTree = "<group>"; };
		E14FB63719D0629200526D45 /* 10.png */ = {isa = PBXFileReference; lastKnownFileType = image.png; path = 10.png; sourceTree = "<group>"; };
		E14FB63819D0629200526D45 /* 12.1.png */ = {isa = PBXFileReference; lastKnownFileType = image.png; path = 12.1.png; sourceTree = "<group>"; };
		E14FB63919D0629200526D45 /* 12.png */ = {isa = PBXFileReference; lastKnownFileType = image.png; path = 12.png; sourceTree = "<group>"; };
		E14FB63A19D0629200526D45 /* 13.1.png */ = {isa = PBXFileReference; lastKnownFileType = image.png; path = 13.1.png; sourceTree = "<group>"; };
		E14FB63B19D0629200526D45 /* 13.png */ = {isa = PBXFileReference; lastKnownFileType = image.png; path = 13.png; sourceTree = "<group>"; };
		E14FB63C19D0629200526D45 /* 14.1.png */ = {isa = PBXFileReference; lastKnownFileType = image.png; path = 14.1.png; sourceTree = "<group>"; };
		E14FB63D19D0629200526D45 /* 14.png */ = {isa = PBXFileReference; lastKnownFileType = image.png; path = 14.png; sourceTree = "<group>"; };
		E14FB65819D0635800526D45 /* calendar.png */ = {isa = PBXFileReference; lastKnownFileType = image.png; path = calendar.png; sourceTree = "<group>"; };
		E14FB65919D0635800526D45 /* classtable_on.png */ = {isa = PBXFileReference; lastKnownFileType = image.png; path = classtable_on.png; sourceTree = "<group>"; };
		E14FB65B19D0635800526D45 /* features_on.png */ = {isa = PBXFileReference; lastKnownFileType = image.png; path = features_on.png; sourceTree = "<group>"; };
		E14FB65C19D0635800526D45 /* features.png */ = {isa = PBXFileReference; lastKnownFileType = image.png; path = features.png; sourceTree = "<group>"; };
		E14FB65D19D0635800526D45 /* huodongquan_on.png */ = {isa = PBXFileReference; lastKnownFileType = image.png; path = huodongquan_on.png; sourceTree = "<group>"; };
		E14FB65E19D0635800526D45 /* huodongquan.png */ = {isa = PBXFileReference; lastKnownFileType = image.png; path = huodongquan.png; sourceTree = "<group>"; };
		E14FB65F19D0635800526D45 /* map.jpg */ = {isa = PBXFileReference; lastKnownFileType = image.jpeg; path = map.jpg; sourceTree = "<group>"; };
		E14FB66019D0635800526D45 /* settting.png */ = {isa = PBXFileReference; lastKnownFileType = image.png; path = settting.png; sourceTree = "<group>"; };
		E14FB66119D0635800526D45 /* shopbox.png */ = {isa = PBXFileReference; lastKnownFileType = image.png; path = shopbox.png; sourceTree = "<group>"; };
		E14FB66219D0635900526D45 /* waimai_on.png */ = {isa = PBXFileReference; lastKnownFileType = image.png; path = waimai_on.png; sourceTree = "<group>"; };
		E14FB66319D0635900526D45 /* waimai.png */ = {isa = PBXFileReference; lastKnownFileType = image.png; path = waimai.png; sourceTree = "<group>"; };
		E14FB66419D0635900526D45 /* wave.png */ = {isa = PBXFileReference; lastKnownFileType = image.png; path = wave.png; sourceTree = "<group>"; };
		E15BB484193EC31400F8D492 /* iSCAUSwift.app */ = {isa = PBXFileReference; explicitFileType = wrapper.application; includeInIndex = 0; path = iSCAUSwift.app; sourceTree = BUILT_PRODUCTS_DIR; };
		E15BB488193EC31400F8D492 /* Info.plist */ = {isa = PBXFileReference; lastKnownFileType = text.plist.xml; path = Info.plist; sourceTree = "<group>"; };
		E15BB489193EC31400F8D492 /* AppDelegate.swift */ = {isa = PBXFileReference; lastKnownFileType = sourcecode.swift; path = AppDelegate.swift; sourceTree = "<group>"; };
		E15BB48E193EC31500F8D492 /* Base */ = {isa = PBXFileReference; lastKnownFileType = file.storyboard; name = Base; path = Base.lproj/Main.storyboard; sourceTree = "<group>"; };
		E15BB490193EC31500F8D492 /* Images.xcassets */ = {isa = PBXFileReference; lastKnownFileType = folder.assetcatalog; path = Images.xcassets; sourceTree = "<group>"; };
		E15BB496193EC31500F8D492 /* iSCAUSwiftTests.xctest */ = {isa = PBXFileReference; explicitFileType = wrapper.cfbundle; includeInIndex = 0; path = iSCAUSwiftTests.xctest; sourceTree = BUILT_PRODUCTS_DIR; };
		E15BB49B193EC31500F8D492 /* Info.plist */ = {isa = PBXFileReference; lastKnownFileType = text.plist.xml; path = Info.plist; sourceTree = "<group>"; };
		E15BB49C193EC31500F8D492 /* iSCAUSwiftTests.swift */ = {isa = PBXFileReference; lastKnownFileType = sourcecode.swift; path = iSCAUSwiftTests.swift; sourceTree = "<group>"; };
		E15BB4BF193F06B500F8D492 /* User.swift */ = {isa = PBXFileReference; fileEncoding = 4; lastKnownFileType = sourcecode.swift; name = User.swift; path = Model/User.swift; sourceTree = "<group>"; };
		E15BB4C1193F170900F8D492 /* iSCAUPlayground.playground */ = {isa = PBXFileReference; lastKnownFileType = file.playground; path = iSCAUPlayground.playground; sourceTree = "<group>"; };
		E15BB4C2193F23EB00F8D492 /* iSCAUSwift-Bridging-Header.h */ = {isa = PBXFileReference; fileEncoding = 4; lastKnownFileType = sourcecode.c.h; path = "iSCAUSwift-Bridging-Header.h"; sourceTree = "<group>"; };
		E15BB4C3193F24AB00F8D492 /* Notice.swift */ = {isa = PBXFileReference; fileEncoding = 4; lastKnownFileType = sourcecode.swift; name = Notice.swift; path = Model/Notice.swift; sourceTree = "<group>"; };
		E15BB4C7193F29ED00F8D492 /* CetMark.swift */ = {isa = PBXFileReference; fileEncoding = 4; lastKnownFileType = sourcecode.swift; name = CetMark.swift; path = Model/CetMark.swift; sourceTree = "<group>"; };
		E15BB4C9193F2A9C00F8D492 /* ReviewLessonInfo.swift */ = {isa = PBXFileReference; fileEncoding = 4; lastKnownFileType = sourcecode.swift; name = ReviewLessonInfo.swift; path = Model/ReviewLessonInfo.swift; sourceTree = "<group>"; };
		E15BB4CB193F2AB100F8D492 /* ReviewLessonComment.swift */ = {isa = PBXFileReference; fileEncoding = 4; lastKnownFileType = sourcecode.swift; name = ReviewLessonComment.swift; path = Model/ReviewLessonComment.swift; sourceTree = "<group>"; };
		E15BB4D1193F513E00F8D492 /* AppConstant.swift */ = {isa = PBXFileReference; fileEncoding = 4; lastKnownFileType = sourcecode.swift; path = AppConstant.swift; sourceTree = "<group>"; };
		E15BB4D3193F538F00F8D492 /* Utils.swift */ = {isa = PBXFileReference; fileEncoding = 4; lastKnownFileType = sourcecode.swift; path = Utils.swift; sourceTree = "<group>"; };
		E16262DC19D326C30024B023 /* Constant.h */ = {isa = PBXFileReference; fileEncoding = 4; lastKnownFileType = sourcecode.c.h; path = Constant.h; sourceTree = "<group>"; };
		E184DCD819498ADC00B0A552 /* EduDayTimeTable.swift */ = {isa = PBXFileReference; fileEncoding = 4; lastKnownFileType = sourcecode.swift; path = EduDayTimeTable.swift; sourceTree = "<group>"; };
		E184DCDA19498FF700B0A552 /* EduDayLessionCell.swift */ = {isa = PBXFileReference; fileEncoding = 4; lastKnownFileType = sourcecode.swift; path = EduDayLessionCell.swift; sourceTree = "<group>"; };
		E1B0B9E01948BC520035B287 /* iSCAUSwift.xcdatamodel */ = {isa = PBXFileReference; lastKnownFileType = wrapper.xcdatamodel; path = iSCAUSwift.xcdatamodel; sourceTree = "<group>"; };
		E1B8345919DA619F00737E99 /* ActivityInfoCell.swift */ = {isa = PBXFileReference; fileEncoding = 4; lastKnownFileType = sourcecode.swift; path = ActivityInfoCell.swift; sourceTree = "<group>"; };
		E1B8345A19DA619F00737E99 /* ActivityModel.swift */ = {isa = PBXFileReference; fileEncoding = 4; lastKnownFileType = sourcecode.swift; path = ActivityModel.swift; sourceTree = "<group>"; };
		E1B8345B19DA619F00737E99 /* ActivityTableViewController.swift */ = {isa = PBXFileReference; fileEncoding = 4; lastKnownFileType = sourcecode.swift; path = ActivityTableViewController.swift; sourceTree = "<group>"; };
		E1B8345D19DA619F00737E99 /* LoginViewController.swift */ = {isa = PBXFileReference; fileEncoding = 4; lastKnownFileType = sourcecode.swift; path = LoginViewController.swift; sourceTree = "<group>"; };
		E1B8345E19DA619F00737E99 /* SettingsTableViewController.swift */ = {isa = PBXFileReference; fileEncoding = 4; lastKnownFileType = sourcecode.swift; path = SettingsTableViewController.swift; sourceTree = "<group>"; };
		E1B8346019DA619F00737E99 /* EduHttpManager.swift */ = {isa = PBXFileReference; fileEncoding = 4; lastKnownFileType = sourcecode.swift; path = EduHttpManager.swift; sourceTree = "<group>"; };
		E1B8346119DA619F00737E99 /* EduSysClassTableEditedViewController.h */ = {isa = PBXFileReference; fileEncoding = 4; lastKnownFileType = sourcecode.c.h; path = EduSysClassTableEditedViewController.h; sourceTree = "<group>"; };
		E1B8346219DA619F00737E99 /* EduSysClassTableEditedViewController.m */ = {isa = PBXFileReference; fileEncoding = 4; lastKnownFileType = sourcecode.c.objc; path = EduSysClassTableEditedViewController.m; sourceTree = "<group>"; };
		E1B8346319DA619F00737E99 /* EduSysClassTableEditedViewController.xib */ = {isa = PBXFileReference; fileEncoding = 4; lastKnownFileType = file.xib; path = EduSysClassTableEditedViewController.xib; sourceTree = "<group>"; };
		E1B8346419DA619F00737E99 /* EduSysClassTableViewController.h */ = {isa = PBXFileReference; fileEncoding = 4; lastKnownFileType = sourcecode.c.h; path = EduSysClassTableViewController.h; sourceTree = "<group>"; };
		E1B8346519DA619F00737E99 /* EduSysClassTableViewController.m */ = {isa = PBXFileReference; fileEncoding = 4; lastKnownFileType = sourcecode.c.objc; path = EduSysClassTableViewController.m; sourceTree = "<group>"; };
		E1B8346619DA619F00737E99 /* EduSysClassTableViewController.xib */ = {isa = PBXFileReference; fileEncoding = 4; lastKnownFileType = file.xib; path = EduSysClassTableViewController.xib; sourceTree = "<group>"; };
		E1B8346719DA619F00737E99 /* EduSysDayClassCell.h */ = {isa = PBXFileReference; fileEncoding = 4; lastKnownFileType = sourcecode.c.h; path = EduSysDayClassCell.h; sourceTree = "<group>"; };
		E1B8346819DA619F00737E99 /* EduSysDayClassCell.m */ = {isa = PBXFileReference; fileEncoding = 4; lastKnownFileType = sourcecode.c.objc; path = EduSysDayClassCell.m; sourceTree = "<group>"; };
		E1B8346919DA619F00737E99 /* EduSysDayClassCell.xib */ = {isa = PBXFileReference; fileEncoding = 4; lastKnownFileType = file.xib; path = EduSysDayClassCell.xib; sourceTree = "<group>"; };
		E1B8346A19DA619F00737E99 /* EduSysDayClassTableView.h */ = {isa = PBXFileReference; fileEncoding = 4; lastKnownFileType = sourcecode.c.h; path = EduSysDayClassTableView.h; sourceTree = "<group>"; };
		E1B8346B19DA619F00737E99 /* EduSysDayClassTableView.m */ = {isa = PBXFileReference; fileEncoding = 4; lastKnownFileType = sourcecode.c.objc; path = EduSysDayClassTableView.m; sourceTree = "<group>"; };
		E1B8346C19DA619F00737E99 /* EduSysDayClassView.h */ = {isa = PBXFileReference; fileEncoding = 4; lastKnownFileType = sourcecode.c.h; path = EduSysDayClassView.h; sourceTree = "<group>"; };
		E1B8346D19DA619F00737E99 /* EduSysDayClassView.m */ = {isa = PBXFileReference; fileEncoding = 4; lastKnownFileType = sourcecode.c.objc; path = EduSysDayClassView.m; sourceTree = "<group>"; };
		E1B8346E19DA619F00737E99 /* EduSysWeekClassTableView.h */ = {isa = PBXFileReference; fileEncoding = 4; lastKnownFileType = sourcecode.c.h; path = EduSysWeekClassTableView.h; sourceTree = "<group>"; };
		E1B8346F19DA619F00737E99 /* EduSysWeekClassTableView.m */ = {isa = PBXFileReference; fileEncoding = 4; lastKnownFileType = sourcecode.c.objc; path = EduSysWeekClassTableView.m; sourceTree = "<group>"; };
		E1B8347019DA619F00737E99 /* EduSysWeekClassTableView.xib */ = {isa = PBXFileReference; fileEncoding = 4; lastKnownFileType = file.xib; path = EduSysWeekClassTableView.xib; sourceTree = "<group>"; };
		E1FDF3DF19D068E900CC311E /* CoreDataManager.swift */ = {isa = PBXFileReference; fileEncoding = 4; lastKnownFileType = sourcecode.swift; path = CoreDataManager.swift; sourceTree = "<group>"; };
		E1FDF41919D07D1500CC311E /* classtable.png */ = {isa = PBXFileReference; lastKnownFileType = image.png; path = classtable.png; sourceTree = "<group>"; };
/* End PBXFileReference section */

/* Begin PBXFrameworksBuildPhase section */
		E15BB481193EC31400F8D492 /* Frameworks */ = {
			isa = PBXFrameworksBuildPhase;
			buildActionMask = 2147483647;
			files = (
				5C61477BA11D4F399B34246D /* libPods-iSCAUSwift.a in Frameworks */,
				E1FDF41419D0734700CC311E /* Alamofire.framework in Frameworks */,
			);
			runOnlyForDeploymentPostprocessing = 0;
		};
		E15BB493193EC31500F8D492 /* Frameworks */ = {
			isa = PBXFrameworksBuildPhase;
			buildActionMask = 2147483647;
			files = (
			);
			runOnlyForDeploymentPostprocessing = 0;
		};
/* End PBXFrameworksBuildPhase section */

/* Begin PBXGroup section */
		63A5414A5E17465EAA51A912 /* Frameworks */ = {
			isa = PBXGroup;
			children = (
				409C958170D3418E9C17FC34 /* libPods-iSCAUSwift.a */,
			);
			name = Frameworks;
			sourceTree = "<group>";
		};
		84086BA719DAF7DF0048302D /* HMSegmentedControl */ = {
			isa = PBXGroup;
			children = (
				84CAC9AD19E577EE00680379 /* HMSegmentedControl.h */,
				84CAC9AE19E577EE00680379 /* HMSegmentedControl.m */,
			);
			name = HMSegmentedControl;
			sourceTree = "<group>";
		};
		E114957319D943D90087445D /* activity_img */ = {
			isa = PBXGroup;
			children = (
				E114957419D943D90087445D /* place.png */,
				E114957519D943D90087445D /* push.png */,
				E114957619D943D90087445D /* time.png */,
				E114957719D943D90087445D /* top.png */,
				E114957819D943D90087445D /* userName.png */,
			);
			path = activity_img;
			sourceTree = "<group>";
		};
		E12D4FFB19D9CE6C005F37B7 /* AZTools */ = {
			isa = PBXGroup;
			children = (
				E12D4FFF19D9CE6C005F37B7 /* AZTools */,
				E12D500319D9CE6C005F37B7 /* Resource */,
				E12D500519D9CE6C005F37B7 /* UIColor+Helper */,
				E12D500819D9CE6C005F37B7 /* UIImage+Helper */,
				E12D501119D9CE6D005F37B7 /* UIView+Helper */,
			);
			path = AZTools;
			sourceTree = "<group>";
		};
		E12D4FFF19D9CE6C005F37B7 /* AZTools */ = {
			isa = PBXGroup;
			children = (
				E12D500019D9CE6C005F37B7 /* AZTools.h */,
			);
			path = AZTools;
			sourceTree = "<group>";
		};
		E12D500319D9CE6C005F37B7 /* Resource */ = {
			isa = PBXGroup;
			children = (
				E12D500419D9CE6C005F37B7 /* leftside_shadow_bg@2x.png */,
			);
			path = Resource;
			sourceTree = "<group>";
		};
		E12D500519D9CE6C005F37B7 /* UIColor+Helper */ = {
			isa = PBXGroup;
			children = (
				E12D500619D9CE6C005F37B7 /* UIColor+Addition.h */,
				E12D500719D9CE6C005F37B7 /* UIColor+Addition.m */,
			);
			path = "UIColor+Helper";
			sourceTree = "<group>";
		};
		E12D500819D9CE6C005F37B7 /* UIImage+Helper */ = {
			isa = PBXGroup;
			children = (
				E12D500919D9CE6C005F37B7 /* UIImage+Blur.h */,
				E12D500A19D9CE6D005F37B7 /* UIImage+Blur.m */,
				E12D500B19D9CE6D005F37B7 /* UIImage+ImageWithColor.h */,
				E12D500C19D9CE6D005F37B7 /* UIImage+ImageWithColor.m */,
				E12D500D19D9CE6D005F37B7 /* UIImage+RTTint.h */,
				E12D500E19D9CE6D005F37B7 /* UIImage+RTTint.m */,
				E12D500F19D9CE6D005F37B7 /* UIImage+ScreenShot.h */,
				E12D501019D9CE6D005F37B7 /* UIImage+ScreenShot.m */,
			);
			path = "UIImage+Helper";
			sourceTree = "<group>";
		};
		E12D501119D9CE6D005F37B7 /* UIView+Helper */ = {
			isa = PBXGroup;
			children = (
				E12D501219D9CE6D005F37B7 /* UIView+Additon.h */,
				E12D501319D9CE6D005F37B7 /* UIView+Additon.m */,
			);
			path = "UIView+Helper";
			sourceTree = "<group>";
		};
		E14FB5D819D0609100526D45 /* Vendor */ = {
			isa = PBXGroup;
			children = (
				84086BA719DAF7DF0048302D /* HMSegmentedControl */,
				E12D4FFB19D9CE6C005F37B7 /* AZTools */,
				E14FB61719D060E200526D45 /* Alamofire.xcodeproj */,
			);
			path = Vendor;
			sourceTree = "<group>";
		};
		E14FB61819D060E200526D45 /* Products */ = {
			isa = PBXGroup;
			children = (
				E14FB61D19D060E200526D45 /* Alamofire.framework */,
				E14FB61F19D060E200526D45 /* AlamofireTests.xctest */,
			);
			name = Products;
			sourceTree = "<group>";
		};
		E15BB47B193EC31400F8D492 = {
			isa = PBXGroup;
			children = (
				E15BB486193EC31400F8D492 /* iSCAUSwift */,
				E15BB499193EC31500F8D492 /* iSCAUSwiftTests */,
				E15BB485193EC31400F8D492 /* Products */,
				63A5414A5E17465EAA51A912 /* Frameworks */,
				F12A2CFC0E35229CC2B6DE15 /* Pods */,
			);
			sourceTree = "<group>";
		};
		E15BB485193EC31400F8D492 /* Products */ = {
			isa = PBXGroup;
			children = (
				E15BB484193EC31400F8D492 /* iSCAUSwift.app */,
				E15BB496193EC31500F8D492 /* iSCAUSwiftTests.xctest */,
			);
			name = Products;
			sourceTree = "<group>";
		};
		E15BB486193EC31400F8D492 /* iSCAUSwift */ = {
			isa = PBXGroup;
			children = (
				E15BB489193EC31400F8D492 /* AppDelegate.swift */,
				E15BB48D193EC31500F8D492 /* Main.storyboard */,
				E1B8345619DA619F00737E99 /* Feature */,
				E15BB4AF193F054B00F8D492 /* Helper */,
				E15BB4B0193F054B00F8D492 /* Macro */,
				E15BB4B7193F054B00F8D492 /* Resources */,
				E14FB5D819D0609100526D45 /* Vendor */,
				E15BB4BA193F054B00F8D492 /* View */,
				E15BB4AA193F043E00F8D492 /* Model */,
				E15BB490193EC31500F8D492 /* Images.xcassets */,
				E15BB487193EC31400F8D492 /* Supporting Files */,
				E15BB4C1193F170900F8D492 /* iSCAUPlayground.playground */,
				E15BB4C2193F23EB00F8D492 /* iSCAUSwift-Bridging-Header.h */,
			);
			path = iSCAUSwift;
			sourceTree = "<group>";
		};
		E15BB487193EC31400F8D492 /* Supporting Files */ = {
			isa = PBXGroup;
			children = (
				E15BB488193EC31400F8D492 /* Info.plist */,
			);
			name = "Supporting Files";
			sourceTree = "<group>";
		};
		E15BB499193EC31500F8D492 /* iSCAUSwiftTests */ = {
			isa = PBXGroup;
			children = (
				E15BB49C193EC31500F8D492 /* iSCAUSwiftTests.swift */,
				E15BB49A193EC31500F8D492 /* Supporting Files */,
			);
			path = iSCAUSwiftTests;
			sourceTree = "<group>";
		};
		E15BB49A193EC31500F8D492 /* Supporting Files */ = {
			isa = PBXGroup;
			children = (
				E15BB49B193EC31500F8D492 /* Info.plist */,
			);
			name = "Supporting Files";
			sourceTree = "<group>";
		};
		E15BB4AA193F043E00F8D492 /* Model */ = {
			isa = PBXGroup;
			children = (
				E15BB4BF193F06B500F8D492 /* User.swift */,
				E15BB4C7193F29ED00F8D492 /* CetMark.swift */,
				E15BB4C9193F2A9C00F8D492 /* ReviewLessonInfo.swift */,
				E15BB4CB193F2AB100F8D492 /* ReviewLessonComment.swift */,
				E15BB4C3193F24AB00F8D492 /* Notice.swift */,
				E122B6061949725300E90D87 /* Lession.swift */,
			);
			name = Model;
			sourceTree = "<group>";
		};
		E15BB4AF193F054B00F8D492 /* Helper */ = {
			isa = PBXGroup;
			children = (
				E16262DC19D326C30024B023 /* Constant.h */,
				E15BB4D3193F538F00F8D492 /* Utils.swift */,
				E1FDF3DF19D068E900CC311E /* CoreDataManager.swift */,
			);
			path = Helper;
			sourceTree = "<group>";
		};
		E15BB4B0193F054B00F8D492 /* Macro */ = {
			isa = PBXGroup;
			children = (
				E15BB4D1193F513E00F8D492 /* AppConstant.swift */,
			);
			path = Macro;
			sourceTree = "<group>";
		};
		E15BB4B7193F054B00F8D492 /* Resources */ = {
			isa = PBXGroup;
			children = (
				E1B0B9DE1948BC270035B287 /* File */,
				E15BB4B8193F054B00F8D492 /* img */,
			);
			path = Resources;
			sourceTree = "<group>";
		};
		E15BB4B8193F054B00F8D492 /* img */ = {
			isa = PBXGroup;
			children = (
				E114957319D943D90087445D /* activity_img */,
				E14FB65819D0635800526D45 /* calendar.png */,
				E14FB65919D0635800526D45 /* classtable_on.png */,
				E1FDF41919D07D1500CC311E /* classtable.png */,
				E14FB65B19D0635800526D45 /* features_on.png */,
				E14FB65C19D0635800526D45 /* features.png */,
				E14FB65D19D0635800526D45 /* huodongquan_on.png */,
				E14FB65E19D0635800526D45 /* huodongquan.png */,
				E14FB65F19D0635800526D45 /* map.jpg */,
				E14FB66019D0635800526D45 /* settting.png */,
				E14FB66119D0635800526D45 /* shopbox.png */,
				E14FB66219D0635900526D45 /* waimai_on.png */,
				E14FB66319D0635900526D45 /* waimai.png */,
				E14FB66419D0635900526D45 /* wave.png */,
				E14FB62419D0629200526D45 /* 1.1.png */,
				E14FB62519D0629200526D45 /* 1.png */,
				E14FB62619D0629200526D45 /* 2.1.png */,
				E14FB62719D0629200526D45 /* 2.png */,
				E14FB62819D0629200526D45 /* 3.1.png */,
				E14FB62919D0629200526D45 /* 3.png */,
				E14FB62A19D0629200526D45 /* 4.1.png */,
				E14FB62B19D0629200526D45 /* 4.png */,
				E14FB62C19D0629200526D45 /* 5.1.png */,
				E14FB62D19D0629200526D45 /* 5.png */,
				E14FB62E19D0629200526D45 /* 6.1.png */,
				E14FB62F19D0629200526D45 /* 6.png */,
				E14FB63019D0629200526D45 /* 7.1.png */,
				E14FB63119D0629200526D45 /* 7.png */,
				E14FB63219D0629200526D45 /* 8.1.png */,
				E14FB63319D0629200526D45 /* 8.png */,
				E14FB63419D0629200526D45 /* 9.1.png */,
				E14FB63519D0629200526D45 /* 9.png */,
				E14FB63619D0629200526D45 /* 10..1png.png */,
				E14FB63719D0629200526D45 /* 10.png */,
				E14FB63819D0629200526D45 /* 12.1.png */,
				E14FB63919D0629200526D45 /* 12.png */,
				E14FB63A19D0629200526D45 /* 13.1.png */,
				E14FB63B19D0629200526D45 /* 13.png */,
				E14FB63C19D0629200526D45 /* 14.1.png */,
				E14FB63D19D0629200526D45 /* 14.png */,
			);
			path = img;
			sourceTree = "<group>";
		};
		E15BB4BA193F054B00F8D492 /* View */ = {
			isa = PBXGroup;
			children = (
				E184DCD819498ADC00B0A552 /* EduDayTimeTable.swift */,
				E184DCDA19498FF700B0A552 /* EduDayLessionCell.swift */,
			);
			path = View;
			sourceTree = "<group>";
		};
		E1B0B9DE1948BC270035B287 /* File */ = {
			isa = PBXGroup;
			children = (
				E1B0B9DF1948BC520035B287 /* iSCAUSwift.xcdatamodeld */,
				845D707819E690A40058B8DA /* iSCAUSwiftActivity.xcdatamodeld */,
			);
			name = File;
			sourceTree = "<group>";
		};
		E1B8345619DA619F00737E99 /* Feature */ = {
			isa = PBXGroup;
			children = (
				E1B8345719DA619F00737E99 /* Activity */,
				E1B8345C19DA619F00737E99 /* Common */,
				E1B8345F19DA619F00737E99 /* Edu */,
			);
			path = Feature;
			sourceTree = "<group>";
		};
		E1B8345719DA619F00737E99 /* Activity */ = {
			isa = PBXGroup;
			children = (
				E1B8345919DA619F00737E99 /* ActivityInfoCell.swift */,
				E1B8345A19DA619F00737E99 /* ActivityModel.swift */,
				E1B8345B19DA619F00737E99 /* ActivityTableViewController.swift */,
				84CAC9AB19E5779800680379 /* ActivityWebViewController.swift */,
			);
			path = Activity;
			sourceTree = "<group>";
		};
		E1B8345C19DA619F00737E99 /* Common */ = {
			isa = PBXGroup;
			children = (
				E1B8345D19DA619F00737E99 /* LoginViewController.swift */,
				E1B8345E19DA619F00737E99 /* SettingsTableViewController.swift */,
			);
			path = Common;
			sourceTree = "<group>";
		};
		E1B8345F19DA619F00737E99 /* Edu */ = {
			isa = PBXGroup;
			children = (
				E1B8346019DA619F00737E99 /* EduHttpManager.swift */,
				E1B8346119DA619F00737E99 /* EduSysClassTableEditedViewController.h */,
				E1B8346219DA619F00737E99 /* EduSysClassTableEditedViewController.m */,
				E1B8346319DA619F00737E99 /* EduSysClassTableEditedViewController.xib */,
				E1B8346419DA619F00737E99 /* EduSysClassTableViewController.h */,
				E1B8346519DA619F00737E99 /* EduSysClassTableViewController.m */,
				E1B8346619DA619F00737E99 /* EduSysClassTableViewController.xib */,
				E1B8346719DA619F00737E99 /* EduSysDayClassCell.h */,
				E1B8346819DA619F00737E99 /* EduSysDayClassCell.m */,
				E1B8346919DA619F00737E99 /* EduSysDayClassCell.xib */,
				E1B8346A19DA619F00737E99 /* EduSysDayClassTableView.h */,
				E1B8346B19DA619F00737E99 /* EduSysDayClassTableView.m */,
				E1B8346C19DA619F00737E99 /* EduSysDayClassView.h */,
				E1B8346D19DA619F00737E99 /* EduSysDayClassView.m */,
				E1B8346E19DA619F00737E99 /* EduSysWeekClassTableView.h */,
				E1B8346F19DA619F00737E99 /* EduSysWeekClassTableView.m */,
				E1B8347019DA619F00737E99 /* EduSysWeekClassTableView.xib */,
			);
			path = Edu;
			sourceTree = "<group>";
		};
		F12A2CFC0E35229CC2B6DE15 /* Pods */ = {
			isa = PBXGroup;
			children = (
				1E13F1ECD8F94B47B4C7013B /* Pods-iSCAUSwift.debug.xcconfig */,
				B3441B39F695DE30B958E3E1 /* Pods-iSCAUSwift.release.xcconfig */,
			);
			name = Pods;
			sourceTree = "<group>";
		};
/* End PBXGroup section */

/* Begin PBXNativeTarget section */
		E15BB483193EC31400F8D492 /* iSCAUSwift */ = {
			isa = PBXNativeTarget;
			buildConfigurationList = E15BB4A0193EC31600F8D492 /* Build configuration list for PBXNativeTarget "iSCAUSwift" */;
			buildPhases = (
				BCE8DA9F19DD4B4780B65B57 /* Check Pods Manifest.lock */,
				E15BB480193EC31400F8D492 /* Sources */,
				E15BB481193EC31400F8D492 /* Frameworks */,
				E15BB482193EC31400F8D492 /* Resources */,
				0BA7221F5E52484EA0F08102 /* Copy Pods Resources */,
				E1FDF41819D0734700CC311E /* Embed Frameworks */,
			);
			buildRules = (
			);
			dependencies = (
				E1FDF41719D0734700CC311E /* PBXTargetDependency */,
			);
			name = iSCAUSwift;
			productName = iSCAUSwift;
			productReference = E15BB484193EC31400F8D492 /* iSCAUSwift.app */;
			productType = "com.apple.product-type.application";
		};
		E15BB495193EC31500F8D492 /* iSCAUSwiftTests */ = {
			isa = PBXNativeTarget;
			buildConfigurationList = E15BB4A3193EC31600F8D492 /* Build configuration list for PBXNativeTarget "iSCAUSwiftTests" */;
			buildPhases = (
				E15BB492193EC31500F8D492 /* Sources */,
				E15BB493193EC31500F8D492 /* Frameworks */,
				E15BB494193EC31500F8D492 /* Resources */,
			);
			buildRules = (
			);
			dependencies = (
				E15BB498193EC31500F8D492 /* PBXTargetDependency */,
			);
			name = iSCAUSwiftTests;
			productName = iSCAUSwiftTests;
			productReference = E15BB496193EC31500F8D492 /* iSCAUSwiftTests.xctest */;
			productType = "com.apple.product-type.bundle.unit-test";
		};
/* End PBXNativeTarget section */

/* Begin PBXProject section */
		E15BB47C193EC31400F8D492 /* Project object */ = {
			isa = PBXProject;
			attributes = {
				LastUpgradeCheck = 0600;
				ORGANIZATIONNAME = Alvin;
				TargetAttributes = {
					E15BB483193EC31400F8D492 = {
						CreatedOnToolsVersion = 6.0;
					};
					E15BB495193EC31500F8D492 = {
						CreatedOnToolsVersion = 6.0;
						TestTargetID = E15BB483193EC31400F8D492;
					};
				};
			};
			buildConfigurationList = E15BB47F193EC31400F8D492 /* Build configuration list for PBXProject "iSCAUSwift" */;
			compatibilityVersion = "Xcode 3.2";
			developmentRegion = English;
			hasScannedForEncodings = 0;
			knownRegions = (
				en,
				Base,
			);
			mainGroup = E15BB47B193EC31400F8D492;
			productRefGroup = E15BB485193EC31400F8D492 /* Products */;
			projectDirPath = "";
			projectReferences = (
				{
					ProductGroup = E14FB61819D060E200526D45 /* Products */;
					ProjectRef = E14FB61719D060E200526D45 /* Alamofire.xcodeproj */;
				},
			);
			projectRoot = "";
			targets = (
				E15BB483193EC31400F8D492 /* iSCAUSwift */,
				E15BB495193EC31500F8D492 /* iSCAUSwiftTests */,
			);
		};
/* End PBXProject section */

/* Begin PBXReferenceProxy section */
		E14FB61D19D060E200526D45 /* Alamofire.framework */ = {
			isa = PBXReferenceProxy;
			fileType = wrapper.framework;
			path = Alamofire.framework;
			remoteRef = E14FB61C19D060E200526D45 /* PBXContainerItemProxy */;
			sourceTree = BUILT_PRODUCTS_DIR;
		};
		E14FB61F19D060E200526D45 /* AlamofireTests.xctest */ = {
			isa = PBXReferenceProxy;
			fileType = wrapper.cfbundle;
			path = AlamofireTests.xctest;
			remoteRef = E14FB61E19D060E200526D45 /* PBXContainerItemProxy */;
			sourceTree = BUILT_PRODUCTS_DIR;
		};
/* End PBXReferenceProxy section */

/* Begin PBXResourcesBuildPhase section */
		E15BB482193EC31400F8D492 /* Resources */ = {
			isa = PBXResourcesBuildPhase;
			buildActionMask = 2147483647;
			files = (
				E14FB65619D0629200526D45 /* 14.1.png in Resources */,
				E14FB64A19D0629200526D45 /* 7.1.png in Resources */,
				E114957E19D943D90087445D /* userName.png in Resources */,
				E14FB64919D0629200526D45 /* 6.png in Resources */,
				E14FB65419D0629200526D45 /* 13.1.png in Resources */,
				E14FB66A19D0635900526D45 /* huodongquan_on.png in Resources */,
				E12D501719D9CE6D005F37B7 /* leftside_shadow_bg@2x.png in Resources */,
				E1B8348119DA619F00737E99 /* EduSysWeekClassTableView.xib in Resources */,
				E14FB64619D0629200526D45 /* 5.1.png in Resources */,
				E1FDF41A19D07D1500CC311E /* classtable.png in Resources */,
				E14FB65219D0629200526D45 /* 12.1.png in Resources */,
				E14FB64419D0629200526D45 /* 4.1.png in Resources */,
				E14FB64119D0629200526D45 /* 2.png in Resources */,
				E14FB66D19D0635900526D45 /* settting.png in Resources */,
				E114957D19D943D90087445D /* top.png in Resources */,
				E14FB64219D0629200526D45 /* 3.1.png in Resources */,
				E14FB66519D0635900526D45 /* calendar.png in Resources */,
				E14FB67019D0635900526D45 /* waimai.png in Resources */,
				E14FB66E19D0635900526D45 /* shopbox.png in Resources */,
				E14FB66C19D0635900526D45 /* map.jpg in Resources */,
				E114957A19D943D90087445D /* place.png in Resources */,
				E14FB64D19D0629200526D45 /* 8.png in Resources */,
				E14FB66B19D0635900526D45 /* huodongquan.png in Resources */,
				E14FB65719D0629200526D45 /* 14.png in Resources */,
				E14FB67119D0635900526D45 /* wave.png in Resources */,
				E14FB66919D0635900526D45 /* features.png in Resources */,
				E14FB64019D0629200526D45 /* 2.1.png in Resources */,
				E1B8347D19DA619F00737E99 /* EduSysDayClassCell.xib in Resources */,
				E14FB64C19D0629200526D45 /* 8.1.png in Resources */,
				E14FB66F19D0635900526D45 /* waimai_on.png in Resources */,
				E14FB64319D0629200526D45 /* 3.png in Resources */,
				E14FB63E19D0629200526D45 /* 1.1.png in Resources */,
				E114957B19D943D90087445D /* push.png in Resources */,
				E14FB65519D0629200526D45 /* 13.png in Resources */,
				E14FB65319D0629200526D45 /* 12.png in Resources */,
				E14FB66619D0635900526D45 /* classtable_on.png in Resources */,
				E1B8347919DA619F00737E99 /* EduSysClassTableEditedViewController.xib in Resources */,
				E1B8347B19DA619F00737E99 /* EduSysClassTableViewController.xib in Resources */,
				E14FB65019D0629200526D45 /* 10..1png.png in Resources */,
				E14FB63F19D0629200526D45 /* 1.png in Resources */,
				E114957C19D943D90087445D /* time.png in Resources */,
				E14FB64819D0629200526D45 /* 6.1.png in Resources */,
				E14FB65119D0629200526D45 /* 10.png in Resources */,
				E14FB64F19D0629200526D45 /* 9.png in Resources */,
				E14FB64E19D0629200526D45 /* 9.1.png in Resources */,
				E15BB48F193EC31500F8D492 /* Main.storyboard in Resources */,
				E14FB64719D0629200526D45 /* 5.png in Resources */,
				E14FB64519D0629200526D45 /* 4.png in Resources */,
				E14FB66819D0635900526D45 /* features_on.png in Resources */,
				E15BB491193EC31500F8D492 /* Images.xcassets in Resources */,
				E14FB64B19D0629200526D45 /* 7.png in Resources */,
			);
			runOnlyForDeploymentPostprocessing = 0;
		};
		E15BB494193EC31500F8D492 /* Resources */ = {
			isa = PBXResourcesBuildPhase;
			buildActionMask = 2147483647;
			files = (
			);
			runOnlyForDeploymentPostprocessing = 0;
		};
/* End PBXResourcesBuildPhase section */

/* Begin PBXShellScriptBuildPhase section */
		0BA7221F5E52484EA0F08102 /* Copy Pods Resources */ = {
			isa = PBXShellScriptBuildPhase;
			buildActionMask = 2147483647;
			files = (
			);
			inputPaths = (
			);
			name = "Copy Pods Resources";
			outputPaths = (
			);
			runOnlyForDeploymentPostprocessing = 0;
			shellPath = /bin/sh;
			shellScript = "\"${SRCROOT}/Pods/Target Support Files/Pods-iSCAUSwift/Pods-iSCAUSwift-resources.sh\"\n";
			showEnvVarsInLog = 0;
		};
		BCE8DA9F19DD4B4780B65B57 /* Check Pods Manifest.lock */ = {
			isa = PBXShellScriptBuildPhase;
			buildActionMask = 2147483647;
			files = (
			);
			inputPaths = (
			);
			name = "Check Pods Manifest.lock";
			outputPaths = (
			);
			runOnlyForDeploymentPostprocessing = 0;
			shellPath = /bin/sh;
			shellScript = "diff \"${PODS_ROOT}/../Podfile.lock\" \"${PODS_ROOT}/Manifest.lock\" > /dev/null\nif [[ $? != 0 ]] ; then\n    cat << EOM\nerror: The sandbox is not in sync with the Podfile.lock. Run 'pod install' or update your CocoaPods installation.\nEOM\n    exit 1\nfi\n";
			showEnvVarsInLog = 0;
		};
/* End PBXShellScriptBuildPhase section */

/* Begin PBXSourcesBuildPhase section */
		E15BB480193EC31400F8D492 /* Sources */ = {
			isa = PBXSourcesBuildPhase;
			buildActionMask = 2147483647;
			files = (
				E1B8347C19DA619F00737E99 /* EduSysDayClassCell.m in Sources */,
				E1B0B9E11948BC520035B287 /* iSCAUSwift.xcdatamodeld in Sources */,
				E1FDF3E019D068E900CC311E /* CoreDataManager.swift in Sources */,
				E184DCD919498ADC00B0A552 /* EduDayTimeTable.swift in Sources */,
				E1B8347419DA619F00737E99 /* ActivityTableViewController.swift in Sources */,
				E1B8347719DA619F00737E99 /* EduHttpManager.swift in Sources */,
				E12D501C19D9CE6D005F37B7 /* UIImage+ScreenShot.m in Sources */,
				E15BB4D2193F513E00F8D492 /* AppConstant.swift in Sources */,
				E1B8347219DA619F00737E99 /* ActivityInfoCell.swift in Sources */,
				E15BB4C4193F24AB00F8D492 /* Notice.swift in Sources */,
				E12D501B19D9CE6D005F37B7 /* UIImage+RTTint.m in Sources */,
				E1B8347319DA619F00737E99 /* ActivityModel.swift in Sources */,
				E12D501919D9CE6D005F37B7 /* UIImage+Blur.m in Sources */,
				E1B8347619DA619F00737E99 /* SettingsTableViewController.swift in Sources */,
				E12D501819D9CE6D005F37B7 /* UIColor+Addition.m in Sources */,
				84CAC9AC19E5779800680379 /* ActivityWebViewController.swift in Sources */,
				E1B8347519DA619F00737E99 /* LoginViewController.swift in Sources */,
				E15BB48A193EC31400F8D492 /* AppDelegate.swift in Sources */,
				845D707A19E690A40058B8DA /* iSCAUSwiftActivity.xcdatamodeld in Sources */,
				84CAC9AF19E577EE00680379 /* HMSegmentedControl.m in Sources */,
				E15BB4CA193F2A9C00F8D492 /* ReviewLessonInfo.swift in Sources */,
				E15BB4D4193F538F00F8D492 /* Utils.swift in Sources */,
				E1B8347A19DA619F00737E99 /* EduSysClassTableViewController.m in Sources */,
				E1B8347819DA619F00737E99 /* EduSysClassTableEditedViewController.m in Sources */,
				E1B8347F19DA619F00737E99 /* EduSysDayClassView.m in Sources */,
				E184DCDB19498FF700B0A552 /* EduDayLessionCell.swift in Sources */,
				E1B8348019DA619F00737E99 /* EduSysWeekClassTableView.m in Sources */,
				E15BB4CC193F2AB100F8D492 /* ReviewLessonComment.swift in Sources */,
				E122B6071949725300E90D87 /* Lession.swift in Sources */,
				E1B8347E19DA619F00737E99 /* EduSysDayClassTableView.m in Sources */,
				E15BB4C0193F06B500F8D492 /* User.swift in Sources */,
				E12D501A19D9CE6D005F37B7 /* UIImage+ImageWithColor.m in Sources */,
				E15BB4C8193F29ED00F8D492 /* CetMark.swift in Sources */,
				E12D501D19D9CE6D005F37B7 /* UIView+Additon.m in Sources */,
			);
			runOnlyForDeploymentPostprocessing = 0;
		};
		E15BB492193EC31500F8D492 /* Sources */ = {
			isa = PBXSourcesBuildPhase;
			buildActionMask = 2147483647;
			files = (
				E15BB49D193EC31600F8D492 /* iSCAUSwiftTests.swift in Sources */,
			);
			runOnlyForDeploymentPostprocessing = 0;
		};
/* End PBXSourcesBuildPhase section */

/* Begin PBXTargetDependency section */
		E15BB498193EC31500F8D492 /* PBXTargetDependency */ = {
			isa = PBXTargetDependency;
			target = E15BB483193EC31400F8D492 /* iSCAUSwift */;
			targetProxy = E15BB497193EC31500F8D492 /* PBXContainerItemProxy */;
		};
		E1FDF41719D0734700CC311E /* PBXTargetDependency */ = {
			isa = PBXTargetDependency;
			name = Alamofire;
			targetProxy = E1FDF41619D0734700CC311E /* PBXContainerItemProxy */;
		};
/* End PBXTargetDependency section */

/* Begin PBXVariantGroup section */
		E15BB48D193EC31500F8D492 /* Main.storyboard */ = {
			isa = PBXVariantGroup;
			children = (
				E15BB48E193EC31500F8D492 /* Base */,
			);
			name = Main.storyboard;
			sourceTree = "<group>";
		};
/* End PBXVariantGroup section */

/* Begin XCBuildConfiguration section */
		E15BB49E193EC31600F8D492 /* Debug */ = {
			isa = XCBuildConfiguration;
			buildSettings = {
				ALWAYS_SEARCH_USER_PATHS = NO;
				CLANG_CXX_LANGUAGE_STANDARD = "gnu++0x";
				CLANG_CXX_LIBRARY = "libc++";
				CLANG_ENABLE_MODULES = YES;
				CLANG_ENABLE_OBJC_ARC = YES;
				CLANG_WARN_BOOL_CONVERSION = YES;
				CLANG_WARN_CONSTANT_CONVERSION = YES;
				CLANG_WARN_DIRECT_OBJC_ISA_USAGE = YES_ERROR;
				CLANG_WARN_EMPTY_BODY = YES;
				CLANG_WARN_ENUM_CONVERSION = YES;
				CLANG_WARN_INT_CONVERSION = YES;
				CLANG_WARN_OBJC_ROOT_CLASS = YES_ERROR;
				CLANG_WARN_UNREACHABLE_CODE = YES;
				CLANG_WARN__DUPLICATE_METHOD_MATCH = YES;
				"CODE_SIGN_IDENTITY[sdk=iphoneos*]" = "iPhone Developer";
				COPY_PHASE_STRIP = NO;
				ENABLE_STRICT_OBJC_MSGSEND = YES;
				GCC_C_LANGUAGE_STANDARD = gnu99;
				GCC_DYNAMIC_NO_PIC = NO;
				GCC_OPTIMIZATION_LEVEL = 0;
				GCC_PREPROCESSOR_DEFINITIONS = (
					"DEBUG=1",
					"$(inherited)",
				);
				GCC_SYMBOLS_PRIVATE_EXTERN = NO;
				GCC_WARN_64_TO_32_BIT_CONVERSION = YES;
				GCC_WARN_ABOUT_RETURN_TYPE = YES_ERROR;
				GCC_WARN_UNDECLARED_SELECTOR = YES;
				GCC_WARN_UNINITIALIZED_AUTOS = YES_AGGRESSIVE;
				GCC_WARN_UNUSED_FUNCTION = YES;
				GCC_WARN_UNUSED_VARIABLE = YES;
				IPHONEOS_DEPLOYMENT_TARGET = 8.0;
				METAL_ENABLE_DEBUG_INFO = YES;
				ONLY_ACTIVE_ARCH = YES;
				SDKROOT = iphoneos;
				SWIFT_OPTIMIZATION_LEVEL = "-Onone";
			};
			name = Debug;
		};
		E15BB49F193EC31600F8D492 /* Release */ = {
			isa = XCBuildConfiguration;
			buildSettings = {
				ALWAYS_SEARCH_USER_PATHS = NO;
				CLANG_CXX_LANGUAGE_STANDARD = "gnu++0x";
				CLANG_CXX_LIBRARY = "libc++";
				CLANG_ENABLE_MODULES = YES;
				CLANG_ENABLE_OBJC_ARC = YES;
				CLANG_WARN_BOOL_CONVERSION = YES;
				CLANG_WARN_CONSTANT_CONVERSION = YES;
				CLANG_WARN_DIRECT_OBJC_ISA_USAGE = YES_ERROR;
				CLANG_WARN_EMPTY_BODY = YES;
				CLANG_WARN_ENUM_CONVERSION = YES;
				CLANG_WARN_INT_CONVERSION = YES;
				CLANG_WARN_OBJC_ROOT_CLASS = YES_ERROR;
				CLANG_WARN_UNREACHABLE_CODE = YES;
				CLANG_WARN__DUPLICATE_METHOD_MATCH = YES;
				"CODE_SIGN_IDENTITY[sdk=iphoneos*]" = "iPhone Developer";
				COPY_PHASE_STRIP = YES;
				ENABLE_NS_ASSERTIONS = NO;
				ENABLE_STRICT_OBJC_MSGSEND = YES;
				GCC_C_LANGUAGE_STANDARD = gnu99;
				GCC_WARN_64_TO_32_BIT_CONVERSION = YES;
				GCC_WARN_ABOUT_RETURN_TYPE = YES_ERROR;
				GCC_WARN_UNDECLARED_SELECTOR = YES;
				GCC_WARN_UNINITIALIZED_AUTOS = YES_AGGRESSIVE;
				GCC_WARN_UNUSED_FUNCTION = YES;
				GCC_WARN_UNUSED_VARIABLE = YES;
				IPHONEOS_DEPLOYMENT_TARGET = 8.0;
				METAL_ENABLE_DEBUG_INFO = NO;
				SDKROOT = iphoneos;
				VALIDATE_PRODUCT = YES;
			};
			name = Release;
		};
		E15BB4A1193EC31600F8D492 /* Debug */ = {
			isa = XCBuildConfiguration;
			baseConfigurationReference = 1E13F1ECD8F94B47B4C7013B /* Pods-iSCAUSwift.debug.xcconfig */;
			buildSettings = {
				ASSETCATALOG_COMPILER_APPICON_NAME = AppIcon;
				ASSETCATALOG_COMPILER_LAUNCHIMAGE_NAME = LaunchImage;
				"CODE_SIGN_IDENTITY[sdk=iphoneos*]" = "";
				INFOPLIST_FILE = iSCAUSwift/Info.plist;
				IPHONEOS_DEPLOYMENT_TARGET = 8.0;
				LD_RUNPATH_SEARCH_PATHS = "$(inherited) @executable_path/Frameworks";
				PRODUCT_NAME = "$(TARGET_NAME)";
				SWIFT_OBJC_BRIDGING_HEADER = "iSCAUSwift/iSCAUSwift-Bridging-Header.h";
			};
			name = Debug;
		};
		E15BB4A2193EC31600F8D492 /* Release */ = {
			isa = XCBuildConfiguration;
			baseConfigurationReference = B3441B39F695DE30B958E3E1 /* Pods-iSCAUSwift.release.xcconfig */;
			buildSettings = {
				ASSETCATALOG_COMPILER_APPICON_NAME = AppIcon;
				ASSETCATALOG_COMPILER_LAUNCHIMAGE_NAME = LaunchImage;
				"CODE_SIGN_IDENTITY[sdk=iphoneos*]" = "";
				INFOPLIST_FILE = iSCAUSwift/Info.plist;
				IPHONEOS_DEPLOYMENT_TARGET = 8.0;
				LD_RUNPATH_SEARCH_PATHS = "$(inherited) @executable_path/Frameworks";
				PRODUCT_NAME = "$(TARGET_NAME)";
				SWIFT_OBJC_BRIDGING_HEADER = "iSCAUSwift/iSCAUSwift-Bridging-Header.h";
			};
			name = Release;
		};
		E15BB4A4193EC31600F8D492 /* Debug */ = {
			isa = XCBuildConfiguration;
			buildSettings = {
				BUNDLE_LOADER = "$(BUILT_PRODUCTS_DIR)/iSCAUSwift.app/iSCAUSwift";
				FRAMEWORK_SEARCH_PATHS = (
					"$(SDKROOT)/Developer/Library/Frameworks",
					"$(inherited)",
				);
				GCC_PREPROCESSOR_DEFINITIONS = (
					"DEBUG=1",
					"$(inherited)",
				);
				INFOPLIST_FILE = iSCAUSwiftTests/Info.plist;
				LD_RUNPATH_SEARCH_PATHS = "$(inherited) @executable_path/Frameworks @loader_path/Frameworks";
				METAL_ENABLE_DEBUG_INFO = YES;
				PRODUCT_NAME = "$(TARGET_NAME)";
				TEST_HOST = "$(BUNDLE_LOADER)";
			};
			name = Debug;
		};
		E15BB4A5193EC31600F8D492 /* Release */ = {
			isa = XCBuildConfiguration;
			buildSettings = {
				BUNDLE_LOADER = "$(BUILT_PRODUCTS_DIR)/iSCAUSwift.app/iSCAUSwift";
				FRAMEWORK_SEARCH_PATHS = (
					"$(SDKROOT)/Developer/Library/Frameworks",
					"$(inherited)",
				);
				INFOPLIST_FILE = iSCAUSwiftTests/Info.plist;
				LD_RUNPATH_SEARCH_PATHS = "$(inherited) @executable_path/Frameworks @loader_path/Frameworks";
				METAL_ENABLE_DEBUG_INFO = NO;
				PRODUCT_NAME = "$(TARGET_NAME)";
				TEST_HOST = "$(BUNDLE_LOADER)";
			};
			name = Release;
		};
/* End XCBuildConfiguration section */

/* Begin XCConfigurationList section */
		E15BB47F193EC31400F8D492 /* Build configuration list for PBXProject "iSCAUSwift" */ = {
			isa = XCConfigurationList;
			buildConfigurations = (
				E15BB49E193EC31600F8D492 /* Debug */,
				E15BB49F193EC31600F8D492 /* Release */,
			);
			defaultConfigurationIsVisible = 0;
			defaultConfigurationName = Release;
		};
		E15BB4A0193EC31600F8D492 /* Build configuration list for PBXNativeTarget "iSCAUSwift" */ = {
			isa = XCConfigurationList;
			buildConfigurations = (
				E15BB4A1193EC31600F8D492 /* Debug */,
				E15BB4A2193EC31600F8D492 /* Release */,
			);
			defaultConfigurationIsVisible = 0;
			defaultConfigurationName = Release;
		};
		E15BB4A3193EC31600F8D492 /* Build configuration list for PBXNativeTarget "iSCAUSwiftTests" */ = {
			isa = XCConfigurationList;
			buildConfigurations = (
				E15BB4A4193EC31600F8D492 /* Debug */,
				E15BB4A5193EC31600F8D492 /* Release */,
			);
			defaultConfigurationIsVisible = 0;
			defaultConfigurationName = Release;
		};
/* End XCConfigurationList section */

/* Begin XCVersionGroup section */
		845D707819E690A40058B8DA /* iSCAUSwiftActivity.xcdatamodeld */ = {
			isa = XCVersionGroup;
			children = (
				845D707919E690A40058B8DA /* iSCAUSwiftActivity.xcdatamodel */,
			);
			currentVersion = 845D707919E690A40058B8DA /* iSCAUSwiftActivity.xcdatamodel */;
			path = iSCAUSwiftActivity.xcdatamodeld;
			sourceTree = "<group>";
			versionGroupType = wrapper.xcdatamodel;
		};
		E1B0B9DF1948BC520035B287 /* iSCAUSwift.xcdatamodeld */ = {
			isa = XCVersionGroup;
			children = (
				E1B0B9E01948BC520035B287 /* iSCAUSwift.xcdatamodel */,
			);
			currentVersion = E1B0B9E01948BC520035B287 /* iSCAUSwift.xcdatamodel */;
			name = iSCAUSwift.xcdatamodeld;
			path = File/iSCAUSwift.xcdatamodeld;
			sourceTree = "<group>";
			versionGroupType = wrapper.xcdatamodel;
		};
/* End XCVersionGroup section */
	};
	rootObject = E15BB47C193EC31400F8D492 /* Project object */;
}
